// !$*UTF8*$!
{
	archiveVersion = 1;
	classes = {
	};
	objectVersion = 50;
	objects = {

/* Begin PBXBuildFile section */
		C9456F9A21568CC2005F5E5C /* AppDelegate.swift in Sources */ = {isa = PBXBuildFile; fileRef = C9456F9921568CC2005F5E5C /* AppDelegate.swift */; };
		C9456F9C21568CC2005F5E5C /* ViewController.swift in Sources */ = {isa = PBXBuildFile; fileRef = C9456F9B21568CC2005F5E5C /* ViewController.swift */; };
		C9456FA121568CC3005F5E5C /* Assets.xcassets in Resources */ = {isa = PBXBuildFile; fileRef = C9456FA021568CC3005F5E5C /* Assets.xcassets */; };
		C9456FA421568CC3005F5E5C /* LaunchScreen.storyboard in Resources */ = {isa = PBXBuildFile; fileRef = C9456FA221568CC3005F5E5C /* LaunchScreen.storyboard */; };
		F0914A3745E2EBD235E49A70 /* Pods_MultilineLabel.framework in Frameworks */ = {isa = PBXBuildFile; fileRef = 1F91B3C4DDD0DC06741D7BC0 /* Pods_MultilineLabel.framework */; };
/* End PBXBuildFile section */

/* Begin PBXFileReference section */
		1F91B3C4DDD0DC06741D7BC0 /* Pods_MultilineLabel.framework */ = {isa = PBXFileReference; explicitFileType = wrapper.framework; includeInIndex = 0; path = Pods_MultilineLabel.framework; sourceTree = BUILT_PRODUCTS_DIR; };
		55E86D75D9CE68570C3C7CE9 /* Pods-MultilineLabel.release.xcconfig */ = {isa = PBXFileReference; includeInIndex = 1; lastKnownFileType = text.xcconfig; name = "Pods-MultilineLabel.release.xcconfig"; path = "Pods/Target Support Files/Pods-MultilineLabel/Pods-MultilineLabel.release.xcconfig"; sourceTree = "<group>"; };
		C5DE0FAE4527067AFCC11FA9 /* Pods-MultilineLabel.debug.xcconfig */ = {isa = PBXFileReference; includeInIndex = 1; lastKnownFileType = text.xcconfig; name = "Pods-MultilineLabel.debug.xcconfig"; path = "Pods/Target Support Files/Pods-MultilineLabel/Pods-MultilineLabel.debug.xcconfig"; sourceTree = "<group>"; };
		C9456F9621568CC2005F5E5C /* MultilineLabel.app */ = {isa = PBXFileReference; explicitFileType = wrapper.application; includeInIndex = 0; path = MultilineLabel.app; sourceTree = BUILT_PRODUCTS_DIR; };
		C9456F9921568CC2005F5E5C /* AppDelegate.swift */ = {isa = PBXFileReference; lastKnownFileType = sourcecode.swift; path = AppDelegate.swift; sourceTree = "<group>"; };
		C9456F9B21568CC2005F5E5C /* ViewController.swift */ = {isa = PBXFileReference; lastKnownFileType = sourcecode.swift; path = ViewController.swift; sourceTree = "<group>"; };
		C9456FA021568CC3005F5E5C /* Assets.xcassets */ = {isa = PBXFileReference; lastKnownFileType = folder.assetcatalog; path = Assets.xcassets; sourceTree = "<group>"; };
		C9456FA321568CC3005F5E5C /* Base */ = {isa = PBXFileReference; lastKnownFileType = file.storyboard; name = Base; path = Base.lproj/LaunchScreen.storyboard; sourceTree = "<group>"; };
		C9456FA521568CC3005F5E5C /* Info.plist */ = {isa = PBXFileReference; lastKnownFileType = text.plist.xml; path = Info.plist; sourceTree = "<group>"; };
/* End PBXFileReference section */

/* Begin PBXFrameworksBuildPhase section */
		C9456F9321568CC2005F5E5C /* Frameworks */ = {
			isa = PBXFrameworksBuildPhase;
			buildActionMask = 2147483647;
			files = (
				F0914A3745E2EBD235E49A70 /* Pods_MultilineLabel.framework in Frameworks */,
			);
			runOnlyForDeploymentPostprocessing = 0;
		};
/* End PBXFrameworksBuildPhase section */

/* Begin PBXGroup section */
		21B1CD3EA43AC4A177B68CB0 /* Pods */ = {
			isa = PBXGroup;
			children = (
				C5DE0FAE4527067AFCC11FA9 /* Pods-MultilineLabel.debug.xcconfig */,
				55E86D75D9CE68570C3C7CE9 /* Pods-MultilineLabel.release.xcconfig */,
			);
			name = Pods;
			sourceTree = "<group>";
		};
		4F5B39D187CEE7ADC7F9DDEA /* Frameworks */ = {
			isa = PBXGroup;
			children = (
				1F91B3C4DDD0DC06741D7BC0 /* Pods_MultilineLabel.framework */,
			);
			name = Frameworks;
			sourceTree = "<group>";
		};
		C9456F8D21568CC2005F5E5C = {
			isa = PBXGroup;
			children = (
				C9456F9821568CC2005F5E5C /* MultilineLabel */,
				C9456F9721568CC2005F5E5C /* Products */,
				21B1CD3EA43AC4A177B68CB0 /* Pods */,
				4F5B39D187CEE7ADC7F9DDEA /* Frameworks */,
			);
			sourceTree = "<group>";
		};
		C9456F9721568CC2005F5E5C /* Products */ = {
			isa = PBXGroup;
			children = (
				C9456F9621568CC2005F5E5C /* MultilineLabel.app */,
			);
			name = Products;
			sourceTree = "<group>";
		};
		C9456F9821568CC2005F5E5C /* MultilineLabel */ = {
			isa = PBXGroup;
			children = (
				C9456F9921568CC2005F5E5C /* AppDelegate.swift */,
				C9456F9B21568CC2005F5E5C /* ViewController.swift */,
				C9456FA021568CC3005F5E5C /* Assets.xcassets */,
				C9456FA221568CC3005F5E5C /* LaunchScreen.storyboard */,
				C9456FA521568CC3005F5E5C /* Info.plist */,
			);
			path = MultilineLabel;
			sourceTree = "<group>";
		};
/* End PBXGroup section */

/* Begin PBXNativeTarget section */
		C9456F9521568CC2005F5E5C /* MultilineLabel */ = {
			isa = PBXNativeTarget;
			buildConfigurationList = C9456FA821568CC3005F5E5C /* Build configuration list for PBXNativeTarget "MultilineLabel" */;
			buildPhases = (
				108AFD356A4EDEBEABD7C6E4 /* [CP] Check Pods Manifest.lock */,
				C9456F9221568CC2005F5E5C /* Sources */,
				C9456F9321568CC2005F5E5C /* Frameworks */,
				C9456F9421568CC2005F5E5C /* Resources */,
				6D88BEC8E71BE9DDCBADF5D9 /* [CP] Embed Pods Frameworks */,
			);
			buildRules = (
			);
			dependencies = (
			);
			name = MultilineLabel;
			productName = MultilineLabel;
			productReference = C9456F9621568CC2005F5E5C /* MultilineLabel.app */;
			productType = "com.apple.product-type.application";
		};
/* End PBXNativeTarget section */

/* Begin PBXProject section */
		C9456F8E21568CC2005F5E5C /* Project object */ = {
			isa = PBXProject;
			attributes = {
				LastSwiftUpdateCheck = 1000;
				LastUpgradeCheck = 1000;
				ORGANIZATIONNAME = "Alex Nagy";
				TargetAttributes = {
					C9456F9521568CC2005F5E5C = {
						CreatedOnToolsVersion = 10.0;
					};
				};
			};
			buildConfigurationList = C9456F9121568CC2005F5E5C /* Build configuration list for PBXProject "MultilineLabel" */;
			compatibilityVersion = "Xcode 9.3";
			developmentRegion = en;
			hasScannedForEncodings = 0;
			knownRegions = (
				en,
				Base,
			);
			mainGroup = C9456F8D21568CC2005F5E5C;
			productRefGroup = C9456F9721568CC2005F5E5C /* Products */;
			projectDirPath = "";
			projectRoot = "";
			targets = (
				C9456F9521568CC2005F5E5C /* MultilineLabel */,
			);
		};
/* End PBXProject section */

/* Begin PBXResourcesBuildPhase section */
		C9456F9421568CC2005F5E5C /* Resources */ = {
			isa = PBXResourcesBuildPhase;
			buildActionMask = 2147483647;
			files = (
				C9456FA421568CC3005F5E5C /* LaunchScreen.storyboard in Resources */,
				C9456FA121568CC3005F5E5C /* Assets.xcassets in Resources */,
			);
			runOnlyForDeploymentPostprocessing = 0;
		};
/* End PBXResourcesBuildPhase section */

/* Begin PBXShellScriptBuildPhase section */
		108AFD356A4EDEBEABD7C6E4 /* [CP] Check Pods Manifest.lock */ = {
			isa = PBXShellScriptBuildPhase;
			buildActionMask = 2147483647;
			files = (
			);
			inputPaths = (
				"${PODS_PODFILE_DIR_PATH}/Podfile.lock",
				"${PODS_ROOT}/Manifest.lock",
			);
			name = "[CP] Check Pods Manifest.lock";
			outputPaths = (
				"$(DERIVED_FILE_DIR)/Pods-MultilineLabel-checkManifestLockResult.txt",
			);
			runOnlyForDeploymentPostprocessing = 0;
			shellPath = /bin/sh;
			shellScript = "diff \"${PODS_PODFILE_DIR_PATH}/Podfile.lock\" \"${PODS_ROOT}/Manifest.lock\" > /dev/null\nif [ $? != 0 ] ; then\n    # print error to STDERR\n    echo \"error: The sandbox is not in sync with the Podfile.lock. Run 'pod install' or update your CocoaPods installation.\" >&2\n    exit 1\nfi\n# This output is used by Xcode 'outputs' to avoid re-running this script phase.\necho \"SUCCESS\" > \"${SCRIPT_OUTPUT_FILE_0}\"\n";
			showEnvVarsInLog = 0;
		};
		6D88BEC8E71BE9DDCBADF5D9 /* [CP] Embed Pods Frameworks */ = {
			isa = PBXShellScriptBuildPhase;
			buildActionMask = 2147483647;
			files = (
			);
			inputPaths = (
				"${SRCROOT}/Pods/Target Support Files/Pods-MultilineLabel/Pods-MultilineLabel-frameworks.sh",
				"${BUILT_PRODUCTS_DIR}/TinyConstraints/TinyConstraints.framework",
			);
			name = "[CP] Embed Pods Frameworks";
			outputPaths = (
				"${TARGET_BUILD_DIR}/${FRAMEWORKS_FOLDER_PATH}/TinyConstraints.framework",
			);
			runOnlyForDeploymentPostprocessing = 0;
			shellPath = /bin/sh;
			shellScript = "\"${SRCROOT}/Pods/Target Support Files/Pods-MultilineLabel/Pods-MultilineLabel-frameworks.sh\"\n";
			showEnvVarsInLog = 0;
		};
/* End PBXShellScriptBuildPhase section */

/* Begin PBXSourcesBuildPhase section */
		C9456F9221568CC2005F5E5C /* Sources */ = {
			isa = PBXSourcesBuildPhase;
			buildActionMask = 2147483647;
			files = (
				C9456F9C21568CC2005F5E5C /* ViewController.swift in Sources */,
				C9456F9A21568CC2005F5E5C /* AppDelegate.swift in Sources */,
			);
			runOnlyForDeploymentPostprocessing = 0;
		};
/* End PBXSourcesBuildPhase section */

/* Begin PBXVariantGroup section */
		C9456FA221568CC3005F5E5C /* LaunchScreen.storyboard */ = {
			isa = PBXVariantGroup;
			children = (
				C9456FA321568CC3005F5E5C /* Base */,
			);
			name = LaunchScreen.storyboard;
			sourceTree = "<group>";
		};
/* End PBXVariantGroup section */

/* Begin XCBuildConfiguration section */
		C9456FA621568CC3005F5E5C /* Debug */ = {
			isa = XCBuildConfiguration;
			buildSettings = {
				ALWAYS_SEARCH_USER_PATHS = NO;
				CLANG_ANALYZER_NONNULL = YES;
				CLANG_ANALYZER_NUMBER_OBJECT_CONVERSION = YES_AGGRESSIVE;
				CLANG_CXX_LANGUAGE_STANDARD = "gnu++14";
				CLANG_CXX_LIBRARY = "libc++";
				CLANG_ENABLE_MODULES = YES;
				CLANG_ENABLE_OBJC_ARC = YES;
				CLANG_ENABLE_OBJC_WEAK = YES;
				CLANG_WARN_BLOCK_CAPTURE_AUTORELEASING = YES;
				CLANG_WARN_BOOL_CONVERSION = YES;
				CLANG_WARN_COMMA = YES;
				CLANG_WARN_CONSTANT_CONVERSION = YES;
				CLANG_WARN_DEPRECATED_OBJC_IMPLEMENTATIONS = YES;
				CLANG_WARN_DIRECT_OBJC_ISA_USAGE = YES_ERROR;
				CLANG_WARN_DOCUMENTATION_COMMENTS = YES;
				CLANG_WARN_EMPTY_BODY = YES;
				CLANG_WARN_ENUM_CONVERSION = YES;
				CLANG_WARN_INFINITE_RECURSION = YES;
				CLANG_WARN_INT_CONVERSION = YES;
				CLANG_WARN_NON_LITERAL_NULL_CONVERSION = YES;
				CLANG_WARN_OBJC_IMPLICIT_RETAIN_SELF = YES;
				CLANG_WARN_OBJC_LITERAL_CONVERSION = YES;
				CLANG_WARN_OBJC_ROOT_CLASS = YES_ERROR;
				CLANG_WARN_RANGE_LOOP_ANALYSIS = YES;
				CLANG_WARN_STRICT_PROTOTYPES = YES;
				CLANG_WARN_SUSPICIOUS_MOVE = YES;
				CLANG_WARN_UNGUARDED_AVAILABILITY = YES_AGGRESSIVE;
				CLANG_WARN_UNREACHABLE_CODE = YES;
				CLANG_WARN__DUPLICATE_METHOD_MATCH = YES;
				CODE_SIGN_IDENTITY = "iPhone Developer";
				COPY_PHASE_STRIP = NO;
				DEBUG_INFORMATION_FORMAT = dwarf;
				ENABLE_STRICT_OBJC_MSGSEND = YES;
				ENABLE_TESTABILITY = YES;
				GCC_C_LANGUAGE_STANDARD = gnu11;
				GCC_DYNAMIC_NO_PIC = NO;
				GCC_NO_COMMON_BLOCKS = YES;
				GCC_OPTIMIZATION_LEVEL = 0;
				GCC_PREPROCESSOR_DEFINITIONS = (
					"DEBUG=1",
					"$(inherited)",
				);
				GCC_WARN_64_TO_32_BIT_CONVERSION = YES;
				GCC_WARN_ABOUT_RETURN_TYPE = YES_ERROR;
				GCC_WARN_UNDECLARED_SELECTOR = YES;
				GCC_WARN_UNINITIALIZED_AUTOS = YES_AGGRESSIVE;
				GCC_WARN_UNUSED_FUNCTION = YES;
				GCC_WARN_UNUSED_VARIABLE = YES;
				IPHONEOS_DEPLOYMENT_TARGET = 12.0;
				MTL_ENABLE_DEBUG_INFO = INCLUDE_SOURCE;
				MTL_FAST_MATH = YES;
				ONLY_ACTIVE_ARCH = YES;
				SDKROOT = iphoneos;
				SWIFT_ACTIVE_COMPILATION_CONDITIONS = DEBUG;
				SWIFT_OPTIMIZATION_LEVEL = "-Onone";
			};
			name = Debug;
		};
		C9456FA721568CC3005F5E5C /* Release */ = {
			isa = XCBuildConfiguration;
			buildSettings = {
				ALWAYS_SEARCH_USER_PATHS = NO;
				CLANG_ANALYZER_NONNULL = YES;
				CLANG_ANALYZER_NUMBER_OBJECT_CONVERSION = YES_AGGRESSIVE;
				CLANG_CXX_LANGUAGE_STANDARD = "gnu++14";
				CLANG_CXX_LIBRARY = "libc++";
				CLANG_ENABLE_MODULES = YES;
				CLANG_ENABLE_OBJC_ARC = YES;
				CLANG_ENABLE_OBJC_WEAK = YES;
				CLANG_WARN_BLOCK_CAPTURE_AUTORELEASING = YES;
				CLANG_WARN_BOOL_CONVERSION = YES;
				CLANG_WARN_COMMA = YES;
				CLANG_WARN_CONSTANT_CONVERSION = YES;
				CLANG_WARN_DEPRECATED_OBJC_IMPLEMENTATIONS = YES;
				CLANG_WARN_DIRECT_OBJC_ISA_USAGE = YES_ERROR;
				CLANG_WARN_DOCUMENTATION_COMMENTS = YES;
				CLANG_WARN_EMPTY_BODY = YES;
				CLANG_WARN_ENUM_CONVERSION = YES;
				CLANG_WARN_INFINITE_RECURSION = YES;
				CLANG_WARN_INT_CONVERSION = YES;
				CLANG_WARN_NON_LITERAL_NULL_CONVERSION = YES;
				CLANG_WARN_OBJC_IMPLICIT_RETAIN_SELF = YES;
				CLANG_WARN_OBJC_LITERAL_CONVERSION = YES;
				CLANG_WARN_OBJC_ROOT_CLASS = YES_ERROR;
				CLANG_WARN_RANGE_LOOP_ANALYSIS = YES;
				CLANG_WARN_STRICT_PROTOTYPES = YES;
				CLANG_WARN_SUSPICIOUS_MOVE = YES;
				CLANG_WARN_UNGUARDED_AVAILABILITY = YES_AGGRESSIVE;
				CLANG_WARN_UNREACHABLE_CODE = YES;
				CLANG_WARN__DUPLICATE_METHOD_MATCH = YES;
				CODE_SIGN_IDENTITY = "iPhone Developer";
				COPY_PHASE_STRIP = NO;
				DEBUG_INFORMATION_FORMAT = "dwarf-with-dsym";
				ENABLE_NS_ASSERTIONS = NO;
				ENABLE_STRICT_OBJC_MSGSEND = YES;
				GCC_C_LANGUAGE_STANDARD = gnu11;
				GCC_NO_COMMON_BLOCKS = YES;
				GCC_WARN_64_TO_32_BIT_CONVERSION = YES;
				GCC_WARN_ABOUT_RETURN_TYPE = YES_ERROR;
				GCC_WARN_UNDECLARED_SELECTOR = YES;
				GCC_WARN_UNINITIALIZED_AUTOS = YES_AGGRESSIVE;
				GCC_WARN_UNUSED_FUNCTION = YES;
				GCC_WARN_UNUSED_VARIABLE = YES;
				IPHONEOS_DEPLOYMENT_TARGET = 12.0;
				MTL_ENABLE_DEBUG_INFO = NO;
				MTL_FAST_MATH = YES;
				SDKROOT = iphoneos;
				SWIFT_COMPILATION_MODE = wholemodule;
				SWIFT_OPTIMIZATION_LEVEL = "-O";
				VALIDATE_PRODUCT = YES;
			};
			name = Release;
		};
		C9456FA921568CC3005F5E5C /* Debug */ = {
			isa = XCBuildConfiguration;
			baseConfigurationReference = C5DE0FAE4527067AFCC11FA9 /* Pods-MultilineLabel.debug.xcconfig */;
			buildSettings = {
				ASSETCATALOG_COMPILER_APPICON_NAME = AppIcon;
				CODE_SIGN_STYLE = Automatic;
				DEVELOPMENT_TEAM = R252PR8AVU;
				INFOPLIST_FILE = MultilineLabel/Info.plist;
				LD_RUNPATH_SEARCH_PATHS = "$(inherited) @executable_path/Frameworks";
				PRODUCT_BUNDLE_IDENTIFIER = com.Rebeloper.MultilineLabel;
				PRODUCT_NAME = "$(TARGET_NAME)";
				SWIFT_VERSION = 4.2;
				TARGETED_DEVICE_FAMILY = "1,2";
			};
			name = Debug;
		};
		C9456FAA21568CC3005F5E5C /* Release */ = {
			isa = XCBuildConfiguration;
			baseConfigurationReference = 55E86D75D9CE68570C3C7CE9 /* Pods-MultilineLabel.release.xcconfig */;
			buildSettings = {
				ASSETCATALOG_COMPILER_APPICON_NAME = AppIcon;
				CODE_SIGN_STYLE = Automatic;
				DEVELOPMENT_TEAM = R252PR8AVU;
				INFOPLIST_FILE = MultilineLabel/Info.plist;
				LD_RUNPATH_SEARCH_PATHS = "$(inherited) @executable_path/Frameworks";
				PRODUCT_BUNDLE_IDENTIFIER = com.Rebeloper.MultilineLabel;
				PRODUCT_NAME = "$(TARGET_NAME)";
				SWIFT_VERSION = 4.2;
				TARGETED_DEVICE_FAMILY = "1,2";
			};
			name = Release;
		};
/* End XCBuildConfiguration section */

/* Begin XCConfigurationList section */
		C9456F9121568CC2005F5E5C /* Build configuration list for PBXProject "MultilineLabel" */ = {
			isa = XCConfigurationList;
			buildConfigurations = (
				C9456FA621568CC3005F5E5C /* Debug */,
				C9456FA721568CC3005F5E5C /* Release */,
			);
			defaultConfigurationIsVisible = 0;
			defaultConfigurationName = Release;
		};
		C9456FA821568CC3005F5E5C /* Build configuration list for PBXNativeTarget "MultilineLabel" */ = {
			isa = XCConfigurationList;
			buildConfigurations = (
				C9456FA921568CC3005F5E5C /* Debug */,
				C9456FAA21568CC3005F5E5C /* Release */,
			);
			defaultConfigurationIsVisible = 0;
			defaultConfigurationName = Release;
		};
/* End XCConfigurationList section */
	};
	rootObject = C9456F8E21568CC2005F5E5C /* Project object */;
}
